
Microsoft Visual Studio Solution File, Format Version 12.00
# Visual Studio Version 17
VisualStudioVersion = 17.7.34221.43
MinimumVisualStudioVersion = 10.0.40219.1
Project("{FAE04EC0-301F-11D3-BF4B-00C04F79EFBC}") = "baitap2112", "baitap2112\baitap2112.csproj", "{8F4765F4-6540-4969-BB33-CBAC17D20D7C}"
EndProject
Global
	GlobalSection(SolutionConfigurationPlatforms) = preSolution
		Debug|Any CPU = Debug|Any CPU
		Release|Any CPU = Release|Any CPU
	EndGlobalSection
	GlobalSection(ProjectConfigurationPlatforms) = postSolution
		{8F4765F4-6540-4969-BB33-CBAC17D20D7C}.Debug|Any CPU.ActiveCfg = Debug|Any CPU
		{8F4765F4-6540-4969-BB33-CBAC17D20D7C}.Debug|Any CPU.Build.0 = Debug|Any CPU
		{8F4765F4-6540-4969-BB33-CBAC17D20D7C}.Release|Any CPU.ActiveCfg = Release|Any CPU
		{8F4765F4-6540-4969-BB33-CBAC17D20D7C}.Release|Any CPU.Build.0 = Release|Any CPU
	EndGlobalSection
	GlobalSection(SolutionProperties) = preSolution
		HideSolutionNode = FALSE
	EndGlobalSection
	GlobalSection(ExtensibilityGlobals) = postSolution
		SolutionGuid = {7D03D121-9A18-4A91-93E0-91665A247152}
	EndGlobalSection
EndGlobal
